
Microsoft Visual Studio Solution File, Format Version 12.00
# Visual Studio Version 17
VisualStudioVersion = 17.0.31912.275
MinimumVisualStudioVersion = 10.0.40219.1
Project("{9A19103F-16F7-4668-BE54-9A1E7A4F7556}") = "Software Project", "Software Project\Software Project.csproj", "{B582A809-8404-45D4-B3E3-EE511820C1FC}"
EndProject
Project("{9A19103F-16F7-4668-BE54-9A1E7A4F7556}") = "Software ProjectTests5", "Software ProjectTests5\Software ProjectTests5.csproj", "{BD9518D9-B65A-4780-8D8B-F06BEF12B859}"
EndProject
Global
	GlobalSection(SolutionConfigurationPlatforms) = preSolution
		Debug|Any CPU = Debug|Any CPU
		Release|Any CPU = Release|Any CPU
	EndGlobalSection
	GlobalSection(ProjectConfigurationPlatforms) = postSolution
		{B582A809-8404-45D4-B3E3-EE511820C1FC}.Debug|Any CPU.ActiveCfg = Debug|Any CPU
		{B582A809-8404-45D4-B3E3-EE511820C1FC}.Debug|Any CPU.Build.0 = Debug|Any CPU
		{B582A809-8404-45D4-B3E3-EE511820C1FC}.Release|Any CPU.ActiveCfg = Release|Any CPU
		{B582A809-8404-45D4-B3E3-EE511820C1FC}.Release|Any CPU.Build.0 = Release|Any CPU
		{BD9518D9-B65A-4780-8D8B-F06BEF12B859}.Debug|Any CPU.ActiveCfg = Debug|Any CPU
		{BD9518D9-B65A-4780-8D8B-F06BEF12B859}.Debug|Any CPU.Build.0 = Debug|Any CPU
		{BD9518D9-B65A-4780-8D8B-F06BEF12B859}.Release|Any CPU.ActiveCfg = Release|Any CPU
		{BD9518D9-B65A-4780-8D8B-F06BEF12B859}.Release|Any CPU.Build.0 = Release|Any CPU
	EndGlobalSection
	GlobalSection(SolutionProperties) = preSolution
		HideSolutionNode = FALSE
	EndGlobalSection
	GlobalSection(ExtensibilityGlobals) = postSolution
		SolutionGuid = {572106E0-864E-41AB-9529-4DB6EAD1108B}
	EndGlobalSection
EndGlobal
